// !$*UTF8*$!
{
	archiveVersion = 1;
	classes = {
	};
	objectVersion = 56;
	objects = {

/* Begin PBXBuildFile section */
		DC091D3B29840AE600F84D47 /* AmountInputView.swift in Sources */ = {isa = PBXBuildFile; fileRef = DC091D3A29840AE600F84D47 /* AmountInputView.swift */; };
		DC091D3D298410B400F84D47 /* CommonViews.swift in Sources */ = {isa = PBXBuildFile; fileRef = DC091D3C298410B400F84D47 /* CommonViews.swift */; };
		DC091D412985283500F84D47 /* AtmCodeParentView.swift in Sources */ = {isa = PBXBuildFile; fileRef = DC091D402985283500F84D47 /* AtmCodeParentView.swift */; };
		DC091D432985972700F84D47 /* AtmCodeDataModel.swift in Sources */ = {isa = PBXBuildFile; fileRef = DC091D422985972700F84D47 /* AtmCodeDataModel.swift */; };
		DC091D452985982600F84D47 /* Operation.swift in Sources */ = {isa = PBXBuildFile; fileRef = DC091D442985982600F84D47 /* Operation.swift */; };
		DC091D472985A00000F84D47 /* Properties.swift in Sources */ = {isa = PBXBuildFile; fileRef = DC091D462985A00000F84D47 /* Properties.swift */; };
		DC091D4A29864DDA00F84D47 /* OperationErrorView.swift in Sources */ = {isa = PBXBuildFile; fileRef = DC091D4929864DDA00F84D47 /* OperationErrorView.swift */; };
		DC091D4E29878A4600F84D47 /* DataModelStatus.swift in Sources */ = {isa = PBXBuildFile; fileRef = DC091D4D29878A4600F84D47 /* DataModelStatus.swift */; };
		DC091D502987AD2100F84D47 /* Call.swift in Sources */ = {isa = PBXBuildFile; fileRef = DC091D4F2987AD2100F84D47 /* Call.swift */; };
		DC33744329792BC600BF3D6C /* QRCashApp.swift in Sources */ = {isa = PBXBuildFile; fileRef = DC33744229792BC600BF3D6C /* QRCashApp.swift */; };
		DC33744529792BC600BF3D6C /* OperationChooseView.swift in Sources */ = {isa = PBXBuildFile; fileRef = DC33744429792BC600BF3D6C /* OperationChooseView.swift */; };
		DC33744729792BC700BF3D6C /* Assets.xcassets in Resources */ = {isa = PBXBuildFile; fileRef = DC33744629792BC700BF3D6C /* Assets.xcassets */; };
		DC33744A29792BC700BF3D6C /* Preview Assets.xcassets in Resources */ = {isa = PBXBuildFile; fileRef = DC33744929792BC700BF3D6C /* Preview Assets.xcassets */; };
		DC5EA4DA297A92A90027B25E /* WithdrawalView.swift in Sources */ = {isa = PBXBuildFile; fileRef = DC5EA4D9297A92A90027B25E /* WithdrawalView.swift */; };
		DC5EA4DC297A93160027B25E /* DepositParentView.swift in Sources */ = {isa = PBXBuildFile; fileRef = DC5EA4DB297A93160027B25E /* DepositParentView.swift */; };
		DC5EA4DF297A9C080027B25E /* CardSummary.swift in Sources */ = {isa = PBXBuildFile; fileRef = DC5EA4DE297A9C080027B25E /* CardSummary.swift */; };
		DC5EA4E3297AA23A0027B25E /* HttpMethod.swift in Sources */ = {isa = PBXBuildFile; fileRef = DC5EA4E2297AA23A0027B25E /* HttpMethod.swift */; };
		DC5EA4E5297AA2570027B25E /* RestApiRequest.swift in Sources */ = {isa = PBXBuildFile; fileRef = DC5EA4E4297AA2570027B25E /* RestApiRequest.swift */; };
		DC5EA4E8297AACA30027B25E /* QRCashService.swift in Sources */ = {isa = PBXBuildFile; fileRef = DC5EA4E7297AACA30027B25E /* QRCashService.swift */; };
		DC5EA4EB297AB3BA0027B25E /* HeaderConsts.swift in Sources */ = {isa = PBXBuildFile; fileRef = DC5EA4EA297AB3BA0027B25E /* HeaderConsts.swift */; };
		DC5EA4ED297AB4C90027B25E /* SessionData.swift in Sources */ = {isa = PBXBuildFile; fileRef = DC5EA4EC297AB4C90027B25E /* SessionData.swift */; };
		DC5EA4F0297AB5EC0027B25E /* CardListDataModel.swift in Sources */ = {isa = PBXBuildFile; fileRef = DC5EA4EF297AB5EC0027B25E /* CardListDataModel.swift */; };
		DC5EA4F32980FE180027B25E /* CardSelectView.swift in Sources */ = {isa = PBXBuildFile; fileRef = DC5EA4F22980FE180027B25E /* CardSelectView.swift */; };
		DC5EA4F52980FE840027B25E /* Colors.swift in Sources */ = {isa = PBXBuildFile; fileRef = DC5EA4F42980FE840027B25E /* Colors.swift */; };
		DC5EA4F7298104FB0027B25E /* TestData.swift in Sources */ = {isa = PBXBuildFile; fileRef = DC5EA4F6298104FB0027B25E /* TestData.swift */; };
		DCCA6231298BA24900062D8E /* CodeCheckStatus.swift in Sources */ = {isa = PBXBuildFile; fileRef = DCCA6230298BA24900062D8E /* CodeCheckStatus.swift */; };
		DCCA6233298BA2A900062D8E /* AtmCode.swift in Sources */ = {isa = PBXBuildFile; fileRef = DCCA6232298BA2A900062D8E /* AtmCode.swift */; };
		DCCA6235298BA49B00062D8E /* ResponseMessageCode.swift in Sources */ = {isa = PBXBuildFile; fileRef = DCCA6234298BA49B00062D8E /* ResponseMessageCode.swift */; };
		DCCA6237298BBBF400062D8E /* OperationCreationDataModel.swift in Sources */ = {isa = PBXBuildFile; fileRef = DCCA6236298BBBF400062D8E /* OperationCreationDataModel.swift */; };
		DCCA6239298E455500062D8E /* WithdrawalConfirmView.swift in Sources */ = {isa = PBXBuildFile; fileRef = DCCA6238298E455500062D8E /* WithdrawalConfirmView.swift */; };
		DCCA623D298EA5E600062D8E /* CardSummaryView.swift in Sources */ = {isa = PBXBuildFile; fileRef = DCCA623C298EA5E600062D8E /* CardSummaryView.swift */; };
		DCCA62412990054800062D8E /* WithdrawalConfirmDataModel.swift in Sources */ = {isa = PBXBuildFile; fileRef = DCCA62402990054800062D8E /* WithdrawalConfirmDataModel.swift */; };
		DCCA6243299005FD00062D8E /* WithdrawalConfirmation.swift in Sources */ = {isa = PBXBuildFile; fileRef = DCCA6242299005FD00062D8E /* WithdrawalConfirmation.swift */; };
		DCCA6245299138AA00062D8E /* OtpCodeView.swift in Sources */ = {isa = PBXBuildFile; fileRef = DCCA6244299138AA00062D8E /* OtpCodeView.swift */; };
		DCCA62472991395700062D8E /* OtpCodeDataModel.swift in Sources */ = {isa = PBXBuildFile; fileRef = DCCA62462991395700062D8E /* OtpCodeDataModel.swift */; };
		DCCA62492991705400062D8E /* OperationCompletedView.swift in Sources */ = {isa = PBXBuildFile; fileRef = DCCA62482991705400062D8E /* OperationCompletedView.swift */; };
		DCCA624B2991713700062D8E /* OtpCode.swift in Sources */ = {isa = PBXBuildFile; fileRef = DCCA624A2991713700062D8E /* OtpCode.swift */; };
		DCDF46C429938A7600E0428A /* ConfirmationErrorView.swift in Sources */ = {isa = PBXBuildFile; fileRef = DCDF46C329938A7600E0428A /* ConfirmationErrorView.swift */; };
/* End PBXBuildFile section */

/* Begin PBXFileReference section */
		DC091D3A29840AE600F84D47 /* AmountInputView.swift */ = {isa = PBXFileReference; lastKnownFileType = sourcecode.swift; path = AmountInputView.swift; sourceTree = "<group>"; };
		DC091D3C298410B400F84D47 /* CommonViews.swift */ = {isa = PBXFileReference; lastKnownFileType = sourcecode.swift; path = CommonViews.swift; sourceTree = "<group>"; };
		DC091D402985283500F84D47 /* AtmCodeParentView.swift */ = {isa = PBXFileReference; lastKnownFileType = sourcecode.swift; path = AtmCodeParentView.swift; sourceTree = "<group>"; };
		DC091D422985972700F84D47 /* AtmCodeDataModel.swift */ = {isa = PBXFileReference; lastKnownFileType = sourcecode.swift; path = AtmCodeDataModel.swift; sourceTree = "<group>"; };
		DC091D442985982600F84D47 /* Operation.swift */ = {isa = PBXFileReference; lastKnownFileType = sourcecode.swift; path = Operation.swift; sourceTree = "<group>"; };
		DC091D462985A00000F84D47 /* Properties.swift */ = {isa = PBXFileReference; lastKnownFileType = sourcecode.swift; path = Properties.swift; sourceTree = "<group>"; };
		DC091D4929864DDA00F84D47 /* OperationErrorView.swift */ = {isa = PBXFileReference; lastKnownFileType = sourcecode.swift; path = OperationErrorView.swift; sourceTree = "<group>"; };
		DC091D4D29878A4600F84D47 /* DataModelStatus.swift */ = {isa = PBXFileReference; lastKnownFileType = sourcecode.swift; path = DataModelStatus.swift; sourceTree = "<group>"; };
		DC091D4F2987AD2100F84D47 /* Call.swift */ = {isa = PBXFileReference; lastKnownFileType = sourcecode.swift; path = Call.swift; sourceTree = "<group>"; };
		DC33743F29792BC600BF3D6C /* QR Cash.app */ = {isa = PBXFileReference; explicitFileType = wrapper.application; includeInIndex = 0; path = "QR Cash.app"; sourceTree = BUILT_PRODUCTS_DIR; };
		DC33744229792BC600BF3D6C /* QRCashApp.swift */ = {isa = PBXFileReference; lastKnownFileType = sourcecode.swift; path = QRCashApp.swift; sourceTree = "<group>"; };
		DC33744429792BC600BF3D6C /* OperationChooseView.swift */ = {isa = PBXFileReference; lastKnownFileType = sourcecode.swift; path = OperationChooseView.swift; sourceTree = "<group>"; };
		DC33744629792BC700BF3D6C /* Assets.xcassets */ = {isa = PBXFileReference; lastKnownFileType = folder.assetcatalog; path = Assets.xcassets; sourceTree = "<group>"; };
		DC33744929792BC700BF3D6C /* Preview Assets.xcassets */ = {isa = PBXFileReference; lastKnownFileType = folder.assetcatalog; path = "Preview Assets.xcassets"; sourceTree = "<group>"; };
		DC5EA4D9297A92A90027B25E /* WithdrawalView.swift */ = {isa = PBXFileReference; lastKnownFileType = sourcecode.swift; path = WithdrawalView.swift; sourceTree = "<group>"; };
		DC5EA4DB297A93160027B25E /* DepositParentView.swift */ = {isa = PBXFileReference; lastKnownFileType = sourcecode.swift; path = DepositParentView.swift; sourceTree = "<group>"; };
		DC5EA4DE297A9C080027B25E /* CardSummary.swift */ = {isa = PBXFileReference; lastKnownFileType = sourcecode.swift; path = CardSummary.swift; sourceTree = "<group>"; };
		DC5EA4E2297AA23A0027B25E /* HttpMethod.swift */ = {isa = PBXFileReference; lastKnownFileType = sourcecode.swift; path = HttpMethod.swift; sourceTree = "<group>"; };
		DC5EA4E4297AA2570027B25E /* RestApiRequest.swift */ = {isa = PBXFileReference; lastKnownFileType = sourcecode.swift; path = RestApiRequest.swift; sourceTree = "<group>"; };
		DC5EA4E7297AACA30027B25E /* QRCashService.swift */ = {isa = PBXFileReference; lastKnownFileType = sourcecode.swift; path = QRCashService.swift; sourceTree = "<group>"; };
		DC5EA4EA297AB3BA0027B25E /* HeaderConsts.swift */ = {isa = PBXFileReference; lastKnownFileType = sourcecode.swift; path = HeaderConsts.swift; sourceTree = "<group>"; };
		DC5EA4EC297AB4C90027B25E /* SessionData.swift */ = {isa = PBXFileReference; lastKnownFileType = sourcecode.swift; path = SessionData.swift; sourceTree = "<group>"; };
		DC5EA4EF297AB5EC0027B25E /* CardListDataModel.swift */ = {isa = PBXFileReference; lastKnownFileType = sourcecode.swift; path = CardListDataModel.swift; sourceTree = "<group>"; };
		DC5EA4F22980FE180027B25E /* CardSelectView.swift */ = {isa = PBXFileReference; lastKnownFileType = sourcecode.swift; path = CardSelectView.swift; sourceTree = "<group>"; };
		DC5EA4F42980FE840027B25E /* Colors.swift */ = {isa = PBXFileReference; lastKnownFileType = sourcecode.swift; path = Colors.swift; sourceTree = "<group>"; };
		DC5EA4F6298104FB0027B25E /* TestData.swift */ = {isa = PBXFileReference; lastKnownFileType = sourcecode.swift; path = TestData.swift; sourceTree = "<group>"; };
		DCCA6230298BA24900062D8E /* CodeCheckStatus.swift */ = {isa = PBXFileReference; lastKnownFileType = sourcecode.swift; path = CodeCheckStatus.swift; sourceTree = "<group>"; };
		DCCA6232298BA2A900062D8E /* AtmCode.swift */ = {isa = PBXFileReference; lastKnownFileType = sourcecode.swift; path = AtmCode.swift; sourceTree = "<group>"; };
		DCCA6234298BA49B00062D8E /* ResponseMessageCode.swift */ = {isa = PBXFileReference; lastKnownFileType = sourcecode.swift; path = ResponseMessageCode.swift; sourceTree = "<group>"; };
		DCCA6236298BBBF400062D8E /* OperationCreationDataModel.swift */ = {isa = PBXFileReference; lastKnownFileType = sourcecode.swift; path = OperationCreationDataModel.swift; sourceTree = "<group>"; };
		DCCA6238298E455500062D8E /* WithdrawalConfirmView.swift */ = {isa = PBXFileReference; lastKnownFileType = sourcecode.swift; path = WithdrawalConfirmView.swift; sourceTree = "<group>"; };
		DCCA623C298EA5E600062D8E /* CardSummaryView.swift */ = {isa = PBXFileReference; lastKnownFileType = sourcecode.swift; path = CardSummaryView.swift; sourceTree = "<group>"; };
		DCCA62402990054800062D8E /* WithdrawalConfirmDataModel.swift */ = {isa = PBXFileReference; lastKnownFileType = sourcecode.swift; path = WithdrawalConfirmDataModel.swift; sourceTree = "<group>"; };
		DCCA6242299005FD00062D8E /* WithdrawalConfirmation.swift */ = {isa = PBXFileReference; lastKnownFileType = sourcecode.swift; path = WithdrawalConfirmation.swift; sourceTree = "<group>"; };
		DCCA6244299138AA00062D8E /* OtpCodeView.swift */ = {isa = PBXFileReference; lastKnownFileType = sourcecode.swift; path = OtpCodeView.swift; sourceTree = "<group>"; };
		DCCA62462991395700062D8E /* OtpCodeDataModel.swift */ = {isa = PBXFileReference; lastKnownFileType = sourcecode.swift; path = OtpCodeDataModel.swift; sourceTree = "<group>"; };
		DCCA62482991705400062D8E /* OperationCompletedView.swift */ = {isa = PBXFileReference; lastKnownFileType = sourcecode.swift; path = OperationCompletedView.swift; sourceTree = "<group>"; };
		DCCA624A2991713700062D8E /* OtpCode.swift */ = {isa = PBXFileReference; lastKnownFileType = sourcecode.swift; path = OtpCode.swift; sourceTree = "<group>"; };
		DCDF46C329938A7600E0428A /* ConfirmationErrorView.swift */ = {isa = PBXFileReference; lastKnownFileType = sourcecode.swift; path = ConfirmationErrorView.swift; sourceTree = "<group>"; };
/* End PBXFileReference section */

/* Begin PBXFrameworksBuildPhase section */
		DC33743C29792BC600BF3D6C /* Frameworks */ = {
			isa = PBXFrameworksBuildPhase;
			buildActionMask = 2147483647;
			files = (
			);
			runOnlyForDeploymentPostprocessing = 0;
		};
/* End PBXFrameworksBuildPhase section */

/* Begin PBXGroup section */
		DC091D3929825E3F00F84D47 /* const */ = {
			isa = PBXGroup;
			children = (
				DC5EA4F42980FE840027B25E /* Colors.swift */,
				DC091D462985A00000F84D47 /* Properties.swift */,
			);
			path = const;
			sourceTree = "<group>";
		};
		DC091D4B2986504400F84D47 /* error */ = {
			isa = PBXGroup;
			children = (
				DC091D4929864DDA00F84D47 /* OperationErrorView.swift */,
				DCDF46C329938A7600E0428A /* ConfirmationErrorView.swift */,
			);
			path = error;
			sourceTree = "<group>";
		};
		DC091D4C298789B700F84D47 /* enum */ = {
			isa = PBXGroup;
			children = (
				DC091D4D29878A4600F84D47 /* DataModelStatus.swift */,
				DCCA6230298BA24900062D8E /* CodeCheckStatus.swift */,
			);
			path = enum;
			sourceTree = "<group>";
		};
		DC33743629792BC600BF3D6C = {
			isa = PBXGroup;
			children = (
				DC33744129792BC600BF3D6C /* QR Cash */,
				DC33744029792BC600BF3D6C /* Products */,
			);
			sourceTree = "<group>";
		};
		DC33744029792BC600BF3D6C /* Products */ = {
			isa = PBXGroup;
			children = (
				DC33743F29792BC600BF3D6C /* QR Cash.app */,
			);
			name = Products;
			sourceTree = "<group>";
		};
		DC33744129792BC600BF3D6C /* QR Cash */ = {
			isa = PBXGroup;
			children = (
				DC5EA4EE297AB5C10027B25E /* data_model */,
				DC5EA4E6297AAC880027B25E /* service */,
				DC5EA4E0297AA20C0027B25E /* http */,
				DC5EA4DD297A9BE80027B25E /* model */,
				DC33744229792BC600BF3D6C /* QRCashApp.swift */,
				DC5EA4D8297A928A0027B25E /* view */,
				DC33744629792BC700BF3D6C /* Assets.xcassets */,
				DC33744829792BC700BF3D6C /* Preview Content */,
			);
			path = "QR Cash";
			sourceTree = "<group>";
		};
		DC33744829792BC700BF3D6C /* Preview Content */ = {
			isa = PBXGroup;
			children = (
				DC33744929792BC700BF3D6C /* Preview Assets.xcassets */,
				DC5EA4F6298104FB0027B25E /* TestData.swift */,
			);
			path = "Preview Content";
			sourceTree = "<group>";
		};
		DC5EA4D8297A928A0027B25E /* view */ = {
			isa = PBXGroup;
			children = (
				DC091D3929825E3F00F84D47 /* const */,
				DC5EA4F12980FDE30027B25E /* common */,
				DC091D4B2986504400F84D47 /* error */,
				DCCA623B298E45B400062D8E /* deposit */,
				DCCA623A298E459400062D8E /* withdraw */,
				DC33744429792BC600BF3D6C /* OperationChooseView.swift */,
				DCCA62482991705400062D8E /* OperationCompletedView.swift */,
			);
			path = view;
			sourceTree = "<group>";
		};
		DC5EA4DD297A9BE80027B25E /* model */ = {
			isa = PBXGroup;
			children = (
				DC5EA4DE297A9C080027B25E /* CardSummary.swift */,
				DC5EA4EC297AB4C90027B25E /* SessionData.swift */,
				DC091D442985982600F84D47 /* Operation.swift */,
				DCCA6232298BA2A900062D8E /* AtmCode.swift */,
				DCCA624A2991713700062D8E /* OtpCode.swift */,
				DCCA6234298BA49B00062D8E /* ResponseMessageCode.swift */,
				DCCA6242299005FD00062D8E /* WithdrawalConfirmation.swift */,
			);
			path = model;
			sourceTree = "<group>";
		};
		DC5EA4E0297AA20C0027B25E /* http */ = {
			isa = PBXGroup;
			children = (
				DC5EA4E9297AB39D0027B25E /* const */,
				DC5EA4E1297AA2160027B25E /* enum */,
				DC5EA4E4297AA2570027B25E /* RestApiRequest.swift */,
				DC091D4F2987AD2100F84D47 /* Call.swift */,
			);
			path = http;
			sourceTree = "<group>";
		};
		DC5EA4E1297AA2160027B25E /* enum */ = {
			isa = PBXGroup;
			children = (
				DC5EA4E2297AA23A0027B25E /* HttpMethod.swift */,
			);
			path = enum;
			sourceTree = "<group>";
		};
		DC5EA4E6297AAC880027B25E /* service */ = {
			isa = PBXGroup;
			children = (
				DC5EA4E7297AACA30027B25E /* QRCashService.swift */,
			);
			path = service;
			sourceTree = "<group>";
		};
		DC5EA4E9297AB39D0027B25E /* const */ = {
			isa = PBXGroup;
			children = (
				DC5EA4EA297AB3BA0027B25E /* HeaderConsts.swift */,
			);
			path = const;
			sourceTree = "<group>";
		};
		DC5EA4EE297AB5C10027B25E /* data_model */ = {
			isa = PBXGroup;
			children = (
				DC091D4C298789B700F84D47 /* enum */,
				DC091D422985972700F84D47 /* AtmCodeDataModel.swift */,
				DCCA6236298BBBF400062D8E /* OperationCreationDataModel.swift */,
				DC5EA4EF297AB5EC0027B25E /* CardListDataModel.swift */,
				DCCA62402990054800062D8E /* WithdrawalConfirmDataModel.swift */,
				DCCA62462991395700062D8E /* OtpCodeDataModel.swift */,
			);
			path = data_model;
			sourceTree = "<group>";
		};
		DC5EA4F12980FDE30027B25E /* common */ = {
			isa = PBXGroup;
			children = (
				DC091D3C298410B400F84D47 /* CommonViews.swift */,
				DC5EA4F22980FE180027B25E /* CardSelectView.swift */,
				DC091D3A29840AE600F84D47 /* AmountInputView.swift */,
				DCCA623C298EA5E600062D8E /* CardSummaryView.swift */,
			);
			path = common;
			sourceTree = "<group>";
		};
		DCCA623A298E459400062D8E /* withdraw */ = {
			isa = PBXGroup;
			children = (
				DC5EA4D9297A92A90027B25E /* WithdrawalView.swift */,
				DC091D402985283500F84D47 /* AtmCodeParentView.swift */,
				DCCA6238298E455500062D8E /* WithdrawalConfirmView.swift */,
				DCCA6244299138AA00062D8E /* OtpCodeView.swift */,
			);
			path = withdraw;
			sourceTree = "<group>";
		};
		DCCA623B298E45B400062D8E /* deposit */ = {
			isa = PBXGroup;
			children = (
				DC5EA4DB297A93160027B25E /* DepositParentView.swift */,
			);
			path = deposit;
			sourceTree = "<group>";
		};
/* End PBXGroup section */

/* Begin PBXNativeTarget section */
		DC33743E29792BC600BF3D6C /* QR Cash */ = {
			isa = PBXNativeTarget;
			buildConfigurationList = DC33744D29792BC700BF3D6C /* Build configuration list for PBXNativeTarget "QR Cash" */;
			buildPhases = (
				DC33743B29792BC600BF3D6C /* Sources */,
				DC33743C29792BC600BF3D6C /* Frameworks */,
				DC33743D29792BC600BF3D6C /* Resources */,
			);
			buildRules = (
			);
			dependencies = (
			);
			name = "QR Cash";
			productName = "QR Cash";
			productReference = DC33743F29792BC600BF3D6C /* QR Cash.app */;
			productType = "com.apple.product-type.application";
		};
/* End PBXNativeTarget section */

/* Begin PBXProject section */
		DC33743729792BC600BF3D6C /* Project object */ = {
			isa = PBXProject;
			attributes = {
				BuildIndependentTargetsInParallel = 1;
				LastSwiftUpdateCheck = 1420;
				LastUpgradeCheck = 1420;
				TargetAttributes = {
					DC33743E29792BC600BF3D6C = {
						CreatedOnToolsVersion = 14.2;
					};
				};
			};
			buildConfigurationList = DC33743A29792BC600BF3D6C /* Build configuration list for PBXProject "QR Cash" */;
			compatibilityVersion = "Xcode 14.0";
			developmentRegion = en;
			hasScannedForEncodings = 0;
			knownRegions = (
				en,
				Base,
			);
			mainGroup = DC33743629792BC600BF3D6C;
			productRefGroup = DC33744029792BC600BF3D6C /* Products */;
			projectDirPath = "";
			projectRoot = "";
			targets = (
				DC33743E29792BC600BF3D6C /* QR Cash */,
			);
		};
/* End PBXProject section */

/* Begin PBXResourcesBuildPhase section */
		DC33743D29792BC600BF3D6C /* Resources */ = {
			isa = PBXResourcesBuildPhase;
			buildActionMask = 2147483647;
			files = (
				DC33744A29792BC700BF3D6C /* Preview Assets.xcassets in Resources */,
				DC33744729792BC700BF3D6C /* Assets.xcassets in Resources */,
			);
			runOnlyForDeploymentPostprocessing = 0;
		};
/* End PBXResourcesBuildPhase section */

/* Begin PBXSourcesBuildPhase section */
		DC33743B29792BC600BF3D6C /* Sources */ = {
			isa = PBXSourcesBuildPhase;
			buildActionMask = 2147483647;
			files = (
				DC5EA4E5297AA2570027B25E /* RestApiRequest.swift in Sources */,
				DCCA623D298EA5E600062D8E /* CardSummaryView.swift in Sources */,
				DCCA6235298BA49B00062D8E /* ResponseMessageCode.swift in Sources */,
				DC091D4A29864DDA00F84D47 /* OperationErrorView.swift in Sources */,
				DC5EA4EB297AB3BA0027B25E /* HeaderConsts.swift in Sources */,
				DC5EA4E8297AACA30027B25E /* QRCashService.swift in Sources */,
				DC091D3D298410B400F84D47 /* CommonViews.swift in Sources */,
				DC091D4E29878A4600F84D47 /* DataModelStatus.swift in Sources */,
				DCDF46C429938A7600E0428A /* ConfirmationErrorView.swift in Sources */,
				DCCA624B2991713700062D8E /* OtpCode.swift in Sources */,
				DC33744529792BC600BF3D6C /* OperationChooseView.swift in Sources */,
				DC5EA4DA297A92A90027B25E /* WithdrawalView.swift in Sources */,
				DC5EA4F7298104FB0027B25E /* TestData.swift in Sources */,
				DC5EA4F0297AB5EC0027B25E /* CardListDataModel.swift in Sources */,
				DC091D472985A00000F84D47 /* Properties.swift in Sources */,
				DC091D452985982600F84D47 /* Operation.swift in Sources */,
				DC33744329792BC600BF3D6C /* QRCashApp.swift in Sources */,
				DC5EA4ED297AB4C90027B25E /* SessionData.swift in Sources */,
				DC091D412985283500F84D47 /* AtmCodeParentView.swift in Sources */,
				DCCA6233298BA2A900062D8E /* AtmCode.swift in Sources */,
				DC5EA4F52980FE840027B25E /* Colors.swift in Sources */,
				DC5EA4F32980FE180027B25E /* CardSelectView.swift in Sources */,
				DC091D432985972700F84D47 /* AtmCodeDataModel.swift in Sources */,
				DCCA6245299138AA00062D8E /* OtpCodeView.swift in Sources */,
				DC5EA4DC297A93160027B25E /* DepositParentView.swift in Sources */,
				DCCA62472991395700062D8E /* OtpCodeDataModel.swift in Sources */,
				DCCA6237298BBBF400062D8E /* OperationCreationDataModel.swift in Sources */,
				DC091D3B29840AE600F84D47 /* AmountInputView.swift in Sources */,
				DCCA62492991705400062D8E /* OperationCompletedView.swift in Sources */,
				DC091D502987AD2100F84D47 /* Call.swift in Sources */,
				DC5EA4E3297AA23A0027B25E /* HttpMethod.swift in Sources */,
				DC5EA4DF297A9C080027B25E /* CardSummary.swift in Sources */,
				DCCA6239298E455500062D8E /* WithdrawalConfirmView.swift in Sources */,
				DCCA62412990054800062D8E /* WithdrawalConfirmDataModel.swift in Sources */,
				DCCA6231298BA24900062D8E /* CodeCheckStatus.swift in Sources */,
				DCCA6243299005FD00062D8E /* WithdrawalConfirmation.swift in Sources */,
			);
			runOnlyForDeploymentPostprocessing = 0;
		};
/* End PBXSourcesBuildPhase section */

/* Begin XCBuildConfiguration section */
		DC33744B29792BC700BF3D6C /* Debug */ = {
			isa = XCBuildConfiguration;
			buildSettings = {
				ALWAYS_SEARCH_USER_PATHS = NO;
				CLANG_ANALYZER_NONNULL = YES;
				CLANG_ANALYZER_NUMBER_OBJECT_CONVERSION = YES_AGGRESSIVE;
				CLANG_CXX_LANGUAGE_STANDARD = "gnu++20";
				CLANG_ENABLE_MODULES = YES;
				CLANG_ENABLE_OBJC_ARC = YES;
				CLANG_ENABLE_OBJC_WEAK = YES;
				CLANG_WARN_BLOCK_CAPTURE_AUTORELEASING = YES;
				CLANG_WARN_BOOL_CONVERSION = YES;
				CLANG_WARN_COMMA = YES;
				CLANG_WARN_CONSTANT_CONVERSION = YES;
				CLANG_WARN_DEPRECATED_OBJC_IMPLEMENTATIONS = YES;
				CLANG_WARN_DIRECT_OBJC_ISA_USAGE = YES_ERROR;
				CLANG_WARN_DOCUMENTATION_COMMENTS = YES;
				CLANG_WARN_EMPTY_BODY = YES;
				CLANG_WARN_ENUM_CONVERSION = YES;
				CLANG_WARN_INFINITE_RECURSION = YES;
				CLANG_WARN_INT_CONVERSION = YES;
				CLANG_WARN_NON_LITERAL_NULL_CONVERSION = YES;
				CLANG_WARN_OBJC_IMPLICIT_RETAIN_SELF = YES;
				CLANG_WARN_OBJC_LITERAL_CONVERSION = YES;
				CLANG_WARN_OBJC_ROOT_CLASS = YES_ERROR;
				CLANG_WARN_QUOTED_INCLUDE_IN_FRAMEWORK_HEADER = YES;
				CLANG_WARN_RANGE_LOOP_ANALYSIS = YES;
				CLANG_WARN_STRICT_PROTOTYPES = YES;
				CLANG_WARN_SUSPICIOUS_MOVE = YES;
				CLANG_WARN_UNGUARDED_AVAILABILITY = YES_AGGRESSIVE;
				CLANG_WARN_UNREACHABLE_CODE = YES;
				CLANG_WARN__DUPLICATE_METHOD_MATCH = YES;
				COPY_PHASE_STRIP = NO;
				DEBUG_INFORMATION_FORMAT = dwarf;
				ENABLE_STRICT_OBJC_MSGSEND = YES;
				ENABLE_TESTABILITY = YES;
				GCC_C_LANGUAGE_STANDARD = gnu11;
				GCC_DYNAMIC_NO_PIC = NO;
				GCC_NO_COMMON_BLOCKS = YES;
				GCC_OPTIMIZATION_LEVEL = 0;
				GCC_PREPROCESSOR_DEFINITIONS = (
					"DEBUG=1",
					"$(inherited)",
				);
				GCC_WARN_64_TO_32_BIT_CONVERSION = YES;
				GCC_WARN_ABOUT_RETURN_TYPE = YES_ERROR;
				GCC_WARN_UNDECLARED_SELECTOR = YES;
				GCC_WARN_UNINITIALIZED_AUTOS = YES_AGGRESSIVE;
				GCC_WARN_UNUSED_FUNCTION = YES;
				GCC_WARN_UNUSED_VARIABLE = YES;
				IPHONEOS_DEPLOYMENT_TARGET = 16.2;
				MTL_ENABLE_DEBUG_INFO = INCLUDE_SOURCE;
				MTL_FAST_MATH = YES;
				ONLY_ACTIVE_ARCH = YES;
				SDKROOT = iphoneos;
				SWIFT_ACTIVE_COMPILATION_CONDITIONS = DEBUG;
				SWIFT_OPTIMIZATION_LEVEL = "-Onone";
			};
			name = Debug;
		};
		DC33744C29792BC700BF3D6C /* Release */ = {
			isa = XCBuildConfiguration;
			buildSettings = {
				ALWAYS_SEARCH_USER_PATHS = NO;
				CLANG_ANALYZER_NONNULL = YES;
				CLANG_ANALYZER_NUMBER_OBJECT_CONVERSION = YES_AGGRESSIVE;
				CLANG_CXX_LANGUAGE_STANDARD = "gnu++20";
				CLANG_ENABLE_MODULES = YES;
				CLANG_ENABLE_OBJC_ARC = YES;
				CLANG_ENABLE_OBJC_WEAK = YES;
				CLANG_WARN_BLOCK_CAPTURE_AUTORELEASING = YES;
				CLANG_WARN_BOOL_CONVERSION = YES;
				CLANG_WARN_COMMA = YES;
				CLANG_WARN_CONSTANT_CONVERSION = YES;
				CLANG_WARN_DEPRECATED_OBJC_IMPLEMENTATIONS = YES;
				CLANG_WARN_DIRECT_OBJC_ISA_USAGE = YES_ERROR;
				CLANG_WARN_DOCUMENTATION_COMMENTS = YES;
				CLANG_WARN_EMPTY_BODY = YES;
				CLANG_WARN_ENUM_CONVERSION = YES;
				CLANG_WARN_INFINITE_RECURSION = YES;
				CLANG_WARN_INT_CONVERSION = YES;
				CLANG_WARN_NON_LITERAL_NULL_CONVERSION = YES;
				CLANG_WARN_OBJC_IMPLICIT_RETAIN_SELF = YES;
				CLANG_WARN_OBJC_LITERAL_CONVERSION = YES;
				CLANG_WARN_OBJC_ROOT_CLASS = YES_ERROR;
				CLANG_WARN_QUOTED_INCLUDE_IN_FRAMEWORK_HEADER = YES;
				CLANG_WARN_RANGE_LOOP_ANALYSIS = YES;
				CLANG_WARN_STRICT_PROTOTYPES = YES;
				CLANG_WARN_SUSPICIOUS_MOVE = YES;
				CLANG_WARN_UNGUARDED_AVAILABILITY = YES_AGGRESSIVE;
				CLANG_WARN_UNREACHABLE_CODE = YES;
				CLANG_WARN__DUPLICATE_METHOD_MATCH = YES;
				COPY_PHASE_STRIP = NO;
				DEBUG_INFORMATION_FORMAT = "dwarf-with-dsym";
				ENABLE_NS_ASSERTIONS = NO;
				ENABLE_STRICT_OBJC_MSGSEND = YES;
				GCC_C_LANGUAGE_STANDARD = gnu11;
				GCC_NO_COMMON_BLOCKS = YES;
				GCC_WARN_64_TO_32_BIT_CONVERSION = YES;
				GCC_WARN_ABOUT_RETURN_TYPE = YES_ERROR;
				GCC_WARN_UNDECLARED_SELECTOR = YES;
				GCC_WARN_UNINITIALIZED_AUTOS = YES_AGGRESSIVE;
				GCC_WARN_UNUSED_FUNCTION = YES;
				GCC_WARN_UNUSED_VARIABLE = YES;
				IPHONEOS_DEPLOYMENT_TARGET = 16.2;
				MTL_ENABLE_DEBUG_INFO = NO;
				MTL_FAST_MATH = YES;
				SDKROOT = iphoneos;
				SWIFT_COMPILATION_MODE = wholemodule;
				SWIFT_OPTIMIZATION_LEVEL = "-O";
				VALIDATE_PRODUCT = YES;
			};
			name = Release;
		};
		DC33744E29792BC700BF3D6C /* Debug */ = {
			isa = XCBuildConfiguration;
			buildSettings = {
				ASSETCATALOG_COMPILER_APPICON_NAME = AppIcon;
				ASSETCATALOG_COMPILER_GLOBAL_ACCENT_COLOR_NAME = AccentColor;
				CODE_SIGN_STYLE = Automatic;
				CURRENT_PROJECT_VERSION = 1;
				DEVELOPMENT_ASSET_PATHS = "\"QR Cash/Preview Content\"";
				DEVELOPMENT_TEAM = 93AM4DWL28;
				ENABLE_PREVIEWS = YES;
				GENERATE_INFOPLIST_FILE = YES;
				INFOPLIST_KEY_UIApplicationSceneManifest_Generation = YES;
				INFOPLIST_KEY_UIApplicationSupportsIndirectInputEvents = YES;
				INFOPLIST_KEY_UILaunchScreen_Generation = YES;
				INFOPLIST_KEY_UISupportedInterfaceOrientations = UIInterfaceOrientationPortrait;
				INFOPLIST_KEY_UISupportedInterfaceOrientations_iPad = "UIInterfaceOrientationLandscapeLeft UIInterfaceOrientationLandscapeRight UIInterfaceOrientationPortrait UIInterfaceOrientationPortraitUpsideDown";
				IPHONEOS_DEPLOYMENT_TARGET = 16.2;
				LD_RUNPATH_SEARCH_PATHS = (
					"$(inherited)",
					"@executable_path/Frameworks",
				);
				MARKETING_VERSION = 1.0;
				PRODUCT_BUNDLE_IDENTIFIER = "ru.mxk.QR-Cash";
				PRODUCT_NAME = "$(TARGET_NAME)";
				SWIFT_EMIT_LOC_STRINGS = YES;
				SWIFT_VERSION = 5.0;
				TARGETED_DEVICE_FAMILY = "1,2";
			};
			name = Debug;
		};
		DC33744F29792BC700BF3D6C /* Release */ = {
			isa = XCBuildConfiguration;
			buildSettings = {
				ASSETCATALOG_COMPILER_APPICON_NAME = AppIcon;
				ASSETCATALOG_COMPILER_GLOBAL_ACCENT_COLOR_NAME = AccentColor;
				CODE_SIGN_STYLE = Automatic;
				CURRENT_PROJECT_VERSION = 1;
				DEVELOPMENT_ASSET_PATHS = "\"QR Cash/Preview Content\"";
				DEVELOPMENT_TEAM = 93AM4DWL28;
				ENABLE_PREVIEWS = YES;
				GENERATE_INFOPLIST_FILE = YES;
				INFOPLIST_KEY_UIApplicationSceneManifest_Generation = YES;
				INFOPLIST_KEY_UIApplicationSupportsIndirectInputEvents = YES;
				INFOPLIST_KEY_UILaunchScreen_Generation = YES;
				INFOPLIST_KEY_UISupportedInterfaceOrientations = UIInterfaceOrientationPortrait;
				INFOPLIST_KEY_UISupportedInterfaceOrientations_iPad = "UIInterfaceOrientationLandscapeLeft UIInterfaceOrientationLandscapeRight UIInterfaceOrientationPortrait UIInterfaceOrientationPortraitUpsideDown";
				IPHONEOS_DEPLOYMENT_TARGET = 16.2;
				LD_RUNPATH_SEARCH_PATHS = (
					"$(inherited)",
					"@executable_path/Frameworks",
				);
				MARKETING_VERSION = 1.0;
				PRODUCT_BUNDLE_IDENTIFIER = "ru.mxk.QR-Cash";
				PRODUCT_NAME = "$(TARGET_NAME)";
				SWIFT_EMIT_LOC_STRINGS = YES;
				SWIFT_VERSION = 5.0;
				TARGETED_DEVICE_FAMILY = "1,2";
			};
			name = Release;
		};
/* End XCBuildConfiguration section */

/* Begin XCConfigurationList section */
		DC33743A29792BC600BF3D6C /* Build configuration list for PBXProject "QR Cash" */ = {
			isa = XCConfigurationList;
			buildConfigurations = (
				DC33744B29792BC700BF3D6C /* Debug */,
				DC33744C29792BC700BF3D6C /* Release */,
			);
			defaultConfigurationIsVisible = 0;
			defaultConfigurationName = Release;
		};
		DC33744D29792BC700BF3D6C /* Build configuration list for PBXNativeTarget "QR Cash" */ = {
			isa = XCConfigurationList;
			buildConfigurations = (
				DC33744E29792BC700BF3D6C /* Debug */,
				DC33744F29792BC700BF3D6C /* Release */,
			);
			defaultConfigurationIsVisible = 0;
			defaultConfigurationName = Release;
		};
/* End XCConfigurationList section */
	};
	rootObject = DC33743729792BC600BF3D6C /* Project object */;
}
